github.com/go-gl/glfw/v3.3/glfw v0.0.0-20210410170116-ea3d685f79fb h1:T6gaWBvRzJjuOrdCtg8fXXjKai2xSDqWTcKFUPuw8Tw=
github.com/go-gl/glfw/v3.3/glfw v0.0.0-20210410170116-ea3d685f79fb/go.mod h1:tQ2UAYgL5IevRw8kRxooKSPJfGvJ9fJQFa0TUsXzTg8=
github.com/golang/freetype v0.0.0-20170609003504-e2365dfdc4a0 h1:DACJavvAHhabrF08vX0COfcOBJRhZ8lUbR+ZWIs0Y5g=
github.com/golang/freetype v0.0.0-20170609003504-e2365dfdc4a0/go.mod h1:E/TSTwGwJL78qG/PmXZO1EjYhfJinVAhrmmHX6Z8B9k=
github.com/kardianos/osext v0.0.0-20190222173326-2bc1f35cddc0/go.mod h1:1NbS8ALrpOvjt0rHPNLyCIeMtbizbir8U//inJ+zuB8=
github.com/kasworld/actpersec v0.0.0-20191019021204-8c24cd60715c h1:eaKT+Mq6Mc5Ie/vAuOEH1b51WT+shXR8UwPB0o3vSqY=
github.com/kasworld/actpersec v0.0.0-20191019021204-8c24cd60715c/go.mod h1:feAtWeQK1BwPjaiZD2tkylKXGuajBPkAk5qUXdnUB3E=
github.com/kasworld/argdefault v0.0.0-20200515031517-5b81c2684ab9 h1:5TX07THf64bueIFsM7sZ2Zxe0lGooCzcd3LMqzauiAY=
github.com/kasworld/argdefault v0.0.0-20200515031517-5b81c2684ab9/go.mod h1:GISgpfLtciOKoTYpA2jfBWsKu6yfL/E2RrLlREkEuyk=
github.com/kasworld/direction v0.0.0-20200404021744-bc9d917fa31b h1:/RH+LhKmfDuHfHnUmc/9vNwbhF8fTB+oRD5dKo/dIwQ=
github.com/kasworld/direction v0.0.0-20200404021744-bc9d917fa31b/go.mod h1:Rovtfk9OKQD5SmUd1LAnMakVJxm9K8+LjEk2oCKFCSc=
github.com/kasworld/durjitter v0.0.0-20190506030451-c6b107ee04f5 h1:wMhMe00sjUXJynZkESMksP84GVeBCPrgyfZWQGrqVYM=
github.com/kasworld/durjitter v0.0.0-20190506030451-c6b107ee04f5/go.mod h1:mrGmq8YlUGXaxZSJ/M2ueYggUr9c1lom+3vaqE6qwG8=
github.com/kasworld/findnear v0.0.0-20190507055216-d04f3f02788f h1:sGtnltglUoyXzkQ/6mPclp42jtm+3TbDT6OJRYG4BOs=
github.com/kasworld/findnear v0.0.0-20190507055216-d04f3f02788f/go.mod h1:dRIQmIUx5MiNTbBlZ6IP/fWZyTI9JqFKatM9NrQbl6E=
github.com/kasworld/fortune v0.0.0-20191213072226-d48d829f9be2 h1:tJ7OyaIZBNWY8bGKIYeoFYlwrdzgeJU6R5zdv5tJopQ=
github.com/kasworld/fortune v0.0.0-20191213072226-d48d829f9be2/go.mod h1:KBP7EZ0caUPqU09OxkxjB6eFEzGC0YD9Ee9YMBHqjVY=
github.com/kasworld/g2rand v0.0.0-20200315073237-cff14c61a4f0 h1:SGFi5pkGJTPf3ZK7k3QlypsKYKb4lsLSaVSfd4HkoYE=
github.com/kasworld/g2rand v0.0.0-20200315073237-cff14c61a4f0/go.mod h1:OLFq3QLxqowX/PLhvNM9DP1ZELfWKF2ugyxt3mhGfNM=
github.com/kasworld/go-abs v0.0.0-20190506031457-98e1b15a2888 h1:mixTHsjZw0A8CtQccxXxSdvNeNhOFs+vFDuvZtsTMeI=
github.com/kasworld/go-abs v0.0.0-20190506031457-98e1b15a2888/go.mod h1:moB6/tYyUKW8vrzgnT+8e/9qrf0PA0TEfjcLZcgYsuo=
github.com/kasworld/go-profile v0.0.0-20151115093915-b12be73c3c93 h1:VKUGnqkj5GPGc8WYhWpm9EE5QozMqWWa3xdvGVXLrb4=
github.com/kasworld/go-profile v0.0.0-20151115093915-b12be73c3c93/go.mod h1:vaAHegt/rkNqbmVH8A+kFkk619vik1ZCg1mxwi/WnA0=
github.com/kasworld/h4o v0.0.0-20210519081921-8106f4cd58c3 h1:09M70rLIHwqBpoBHPFOfN3iVOSK/3J4Bh5sx8WhhrXg=
github.com/kasworld/h4o v0.0.0-20210519081921-8106f4cd58c3/go.mod h1:znaAxzPtX0nZeaOeVTdle9KaIGn6evESRgai+uM+lME=
github.com/kasworld/h4o v0.0.0-20210520074844-ce4c9c00a623 h1:Oimwav6tuu1z0rDrsm1N+8zXuYt9l3sJt5u4uGgxW/Y=
github.com/kasworld/h4o v0.0.0-20210520074844-ce4c9c00a623/go.mod h1:GDFKJ4ZgDQoWJYxwlsBemdv+xzDSOd4TmiNDYw+ByFg=
github.com/kasworld/hitrate v0.0.0-20190507000730-8b6a0a06b025 h1:DL5MhNZOKmhFcrueif1Pp2KoI/ycsrpO3bROm+sBevw=
github.com/kasworld/hitrate v0.0.0-20190507000730-8b6a0a06b025/go.mod h1:5MFelptnk10uY/53tD3jwoSQHos9K8kPPBCN2NImf5w=
github.com/kasworld/htmlcolors v0.0.0-20210321033505-e7fe9c6a43cc h1:IROWgK4RkGMrbePTlau5iyOVk+BSXpAK2241MNocvLM=
github.com/kasworld/htmlcolors v0.0.0-20210321033505-e7fe9c6a43cc/go.mod h1:qVzk6k/58lSoKMjPteCJExhtfzbEMPZeOowQNuwFQ+Q=
github.com/kasworld/intervalduration v0.0.0-20191119062840-82a720a6b837 h1:eCOgfASDJABSynp0JzYTVopOtLO9/C9+nmKc4JYLAkY=
github.com/kasworld/intervalduration v0.0.0-20191119062840-82a720a6b837/go.mod h1:c+qTHoJJf9gYXan7ZvRkPXgCdYBI5q4FydIa3ofjNpY=
github.com/kasworld/log v0.0.0-20210321033816-d4232145e6fb h1:e/p9kbhpd2CNQ89YBCVvHQ8E/2zxLKvoxwnC5D12UUA=
github.com/kasworld/log v0.0.0-20210321033816-d4232145e6fb/go.mod h1:wrMqzrld3Kz5QAlCYgqmH+xekmfWQnWoa3c2Yfke2TI=
github.com/kasworld/prettystring v0.0.0-20200313054137-8305061037e7 h1:c0l48LIAZdh0DCIlj28W/12ko6bcW+Ye+Fb0bWpH/BU=
github.com/kasworld/prettystring v0.0.0-20200313054137-8305061037e7/go.mod h1:49hU/4Tzyzz8E4oIo6hZtjqO9LaM1LgXOvY+VG1EWtI=
github.com/kasworld/primenum v0.0.0-20200519063715-de250634a56d h1:N49XkhcJx/r13N5NnbyLk/iCYfiSgJU5hSuc4Eqw6Hs=
github.com/kasworld/primenum v0.0.0-20200519063715-de250634a56d/go.mod h1:Nq7EKIdJQ4l121ohhLD/idp6HoEJKjNgA7bhWu3Vom0=
github.com/kasworld/rect v0.0.0-20191110105826-d670102a73be h1:OImR6GlNcCh9PNErg1r5YCpvvWklGjZYsi719klPrqA=
github.com/kasworld/rect v0.0.0-20191110105826-d670102a73be/go.mod h1:Njh/AxseDDA/Rk7vRltS6t3zoahLDRwMZNPLbS43KY0=
github.com/kasworld/uuidstr v0.0.0-20190503034528-2edffd24297a h1:zB+eA5R/ffX2bI6nz/rrviKLOOPJq5nDjLbNHfthm+w=
github.com/kasworld/uuidstr v0.0.0-20190503034528-2edffd24297a/go.mod h1:3Unt++NR6Watw5y+3TymsoCVwJrd0ofAkQ1zU251HSM=
github.com/kasworld/version v0.0.0-20190507052028-3d2e657a23f8 h1:IE+DyRvObPl3hkWkUHMdq7BPFCFO3qmKMCpwqXi8CuA=
github.com/kasworld/version v0.0.0-20190507052028-3d2e657a23f8/go.mod h1:vdUYabS20uVSVS8KN4IFNwt8Gth30vFAdltrgHW8vVk=
github.com/kasworld/walk2d v0.0.0-20190508054438-4e630929cb37 h1:p8uwfU0jae95XopVbpYqIer6Hq0jX45QXmEMJgMp7ZI=
github.com/kasworld/walk2d v0.0.0-20190508054438-4e630929cb37/go.mod h1:SkJCV6mDX/BYRVPvTIoqzSBsrvj2TPzHBFyc49/UnM4=
github.com/kasworld/weblib v0.0.0-20200408024824-4b4f01a6be3f h1:pTcno+UXDRvgWqXyqzLiXbMaAUxGFR0AMPh3KTjbsfM=
github.com/kasworld/weblib v0.0.0-20200408024824-4b4f01a6be3f/go.mod h1:uzuYzY532n+RaDXT9fT5v5vzHxQfRtdVxTo3n3PfW6U=
github.com/kasworld/wrapper v0.0.0-20190506073115-622d5083ea62 h1:FOMk4XqG2QhF8WFROCBZfpCx6/IkhlDMUF8eLSPk02o=
github.com/kasworld/wrapper v0.0.0-20190506073115-622d5083ea62/go.mod h1:w5JSR2UgcngOWe+907WptW6FNx23yqGkMCKSCZkgRYI=
golang.org/x/image v0.0.0-20210504121937-7319ad40d33e h1:PzJMNfFQx+QO9hrC1GwZ4BoPGeNGhfeQEgcQFArEjPk=
golang.org/x/image v0.0.0-20210504121937-7319ad40d33e/go.mod h1:FeLwcggjj3mMvU+oOTbSwawSJRM1uh48EjtB4UJZlP0=
golang.org/x/text v0.3.0/go.mod h1:NqM8EUOU14njkJ3fqMW+pc6Ldnwhi/IjpwHt7yyuwOQ=
gopkg.in/check.v1 v0.0.0-20161208181325-20d25e280405 h1:yhCVgyC4o1eVCa2tZl7eS0r+SDo693bJlVdllGtEeKM=
gopkg.in/check.v1 v0.0.0-20161208181325-20d25e280405/go.mod h1:Co6ibVJAznAaIkqp8huTwlJQCZ016jof/cbN4VW5Yz0=
gopkg.in/yaml.v2 v2.4.0 h1:D8xgwECY7CYvx+Y2n4sBz93Jn9JRvxdiyyo8CTfuKaY=
gopkg.in/yaml.v2 v2.4.0/go.mod h1:RDklbk79AGWmwhnvt/jBztapEOGDOx6ZbXqjP6csGnQ=
